
Microsoft Visual Studio Solution File, Format Version 12.00
# Visual Studio Version 17
VisualStudioVersion = 17.13.36105.23
MinimumVisualStudioVersion = 10.0.40219.1
Project("{FAE04EC0-301F-11D3-BF4B-00C04F79EFBC}") = "Folder Encryption App", "Dir Encrypter\Folder Encryption App.csproj", "{066DDC63-F8EF-4A2E-9A60-AC8582AFA3D8}"
EndProject
Global
	GlobalSection(SolutionConfigurationPlatforms) = preSolution
		Debug|Any CPU = Debug|Any CPU
		Release|Any CPU = Release|Any CPU
	EndGlobalSection
	GlobalSection(ProjectConfigurationPlatforms) = postSolution
		{066DDC63-F8EF-4A2E-9A60-AC8582AFA3D8}.Debug|Any CPU.ActiveCfg = Debug|Any CPU
		{066DDC63-F8EF-4A2E-9A60-AC8582AFA3D8}.Debug|Any CPU.Build.0 = Debug|Any CPU
		{066DDC63-F8EF-4A2E-9A60-AC8582AFA3D8}.Release|Any CPU.ActiveCfg = Release|Any CPU
		{066DDC63-F8EF-4A2E-9A60-AC8582AFA3D8}.Release|Any CPU.Build.0 = Release|Any CPU
	EndGlobalSection
	GlobalSection(SolutionProperties) = preSolution
		HideSolutionNode = FALSE
	EndGlobalSection
	GlobalSection(ExtensibilityGlobals) = postSolution
		SolutionGuid = {0A10C61A-FA7D-4921-A118-FB2CCCB3A8F0}
	EndGlobalSection
EndGlobal
